
Microsoft Visual Studio Solution File, Format Version 12.00
# Visual Studio Version 16
VisualStudioVersion = 16.0.30804.86
MinimumVisualStudioVersion = 10.0.40219.1
Project("{9A19103F-16F7-4668-BE54-9A1E7A4F7556}") = "PersonalSite", "PersonalSite.csproj", "{2BE2FB45-B830-491D-ACE4-6BA3CB2A3CC3}"
EndProject
Global
	GlobalSection(SolutionConfigurationPlatforms) = preSolution
		Debug|Any CPU = Debug|Any CPU
		Release|Any CPU = Release|Any CPU
	EndGlobalSection
	GlobalSection(ProjectConfigurationPlatforms) = postSolution
		{2BE2FB45-B830-491D-ACE4-6BA3CB2A3CC3}.Debug|Any CPU.ActiveCfg = Debug|Any CPU
		{2BE2FB45-B830-491D-ACE4-6BA3CB2A3CC3}.Debug|Any CPU.Build.0 = Debug|Any CPU
		{2BE2FB45-B830-491D-ACE4-6BA3CB2A3CC3}.Release|Any CPU.ActiveCfg = Release|Any CPU
		{2BE2FB45-B830-491D-ACE4-6BA3CB2A3CC3}.Release|Any CPU.Build.0 = Release|Any CPU
	EndGlobalSection
	GlobalSection(SolutionProperties) = preSolution
		HideSolutionNode = FALSE
	EndGlobalSection
	GlobalSection(ExtensibilityGlobals) = postSolution
		SolutionGuid = {85FBB812-21E5-465A-868C-0CD3134B7C2A}
	EndGlobalSection
EndGlobal
